
Microsoft Visual Studio Solution File, Format Version 12.00
# Visual Studio Version 17
VisualStudioVersion = 17.13.35919.96 d17.13
MinimumVisualStudioVersion = 10.0.40219.1
Project("{FAE04EC0-301F-11D3-BF4B-00C04F79EFBC}") = "Travail 3", "Travail 3.csproj", "{53EBE14F-5C98-4348-A11B-C1C3BE14DF4F}"
EndProject
Global
	GlobalSection(SolutionConfigurationPlatforms) = preSolution
		Debug|Any CPU = Debug|Any CPU
		Release|Any CPU = Release|Any CPU
	EndGlobalSection
	GlobalSection(ProjectConfigurationPlatforms) = postSolution
		{53EBE14F-5C98-4348-A11B-C1C3BE14DF4F}.Debug|Any CPU.ActiveCfg = Debug|Any CPU
		{53EBE14F-5C98-4348-A11B-C1C3BE14DF4F}.Debug|Any CPU.Build.0 = Debug|Any CPU
		{53EBE14F-5C98-4348-A11B-C1C3BE14DF4F}.Release|Any CPU.ActiveCfg = Release|Any CPU
		{53EBE14F-5C98-4348-A11B-C1C3BE14DF4F}.Release|Any CPU.Build.0 = Release|Any CPU
	EndGlobalSection
	GlobalSection(SolutionProperties) = preSolution
		HideSolutionNode = FALSE
	EndGlobalSection
	GlobalSection(ExtensibilityGlobals) = postSolution
		SolutionGuid = {F9F32BAC-13A6-41A8-B4C2-00556F026410}
	EndGlobalSection
EndGlobal
