
Microsoft Visual Studio Solution File, Format Version 12.00
# Visual Studio Version 17
VisualStudioVersion = 17.14.36414.22 d17.14
MinimumVisualStudioVersion = 10.0.40219.1
Project("{FAE04EC0-301F-11D3-BF4B-00C04F79EFBC}") = "Travail 3", "Travail 3.csproj", "{98B953F2-D244-4CF5-BD43-D4D0882213AA}"
EndProject
Global
	GlobalSection(SolutionConfigurationPlatforms) = preSolution
		Debug|Any CPU = Debug|Any CPU
		Release|Any CPU = Release|Any CPU
	EndGlobalSection
	GlobalSection(ProjectConfigurationPlatforms) = postSolution
		{98B953F2-D244-4CF5-BD43-D4D0882213AA}.Debug|Any CPU.ActiveCfg = Debug|Any CPU
		{98B953F2-D244-4CF5-BD43-D4D0882213AA}.Debug|Any CPU.Build.0 = Debug|Any CPU
		{98B953F2-D244-4CF5-BD43-D4D0882213AA}.Release|Any CPU.ActiveCfg = Release|Any CPU
		{98B953F2-D244-4CF5-BD43-D4D0882213AA}.Release|Any CPU.Build.0 = Release|Any CPU
	EndGlobalSection
	GlobalSection(SolutionProperties) = preSolution
		HideSolutionNode = FALSE
	EndGlobalSection
	GlobalSection(ExtensibilityGlobals) = postSolution
		SolutionGuid = {80A4270B-0C63-4853-B20E-16903DF0E005}
	EndGlobalSection
EndGlobal
